
Microsoft Visual Studio Solution File, Format Version 12.00
Project("{FAE04EC0-301F-11D3-BF4B-00C04F79EFBC}") = "thirdLab", "thirdLab\thirdLab.csproj", "{C9244076-6CFB-4CFD-BAF5-A7C958B4505F}"
EndProject
Global
	GlobalSection(SolutionConfigurationPlatforms) = preSolution
		Debug|Any CPU = Debug|Any CPU
		Release|Any CPU = Release|Any CPU
	EndGlobalSection
	GlobalSection(ProjectConfigurationPlatforms) = postSolution
		{C9244076-6CFB-4CFD-BAF5-A7C958B4505F}.Debug|Any CPU.ActiveCfg = Debug|Any CPU
		{C9244076-6CFB-4CFD-BAF5-A7C958B4505F}.Debug|Any CPU.Build.0 = Debug|Any CPU
		{C9244076-6CFB-4CFD-BAF5-A7C958B4505F}.Release|Any CPU.ActiveCfg = Release|Any CPU
		{C9244076-6CFB-4CFD-BAF5-A7C958B4505F}.Release|Any CPU.Build.0 = Release|Any CPU
	EndGlobalSection
EndGlobal
